<?xml version="1.0" encoding="utf-8"?>
<Project ToolsVersion="4.0" xmlns="http://schemas.microsoft.com/developer/msbuild/2003">
  <ItemGroup>
    <FxCompile Include="resizer_downscaling.hlsl" />
    <FxCompile Include="resizer_smootherstep.hlsl" />
    <FxCompile Include="resizer_bspline4.hlsl" />
    <FxCompile Include="resizer_mitchell4.hlsl" />
    <FxCompile Include="resizer_catmull4.hlsl" />
    <FxCompile Include="resizer_bicubic06.hlsl" />
    <FxCompile Include="resizer_bicubic08.hlsl" />
    <FxCompile Include="resizer_bicubic10.hlsl" />
    <FxCompile Include="resizer_bspline4_x.hlsl" />
    <FxCompile Include="resizer_bspline4_y.hlsl" />
    <FxCompile Include="resizer_catmull4_x.hlsl" />
    <FxCompile Include="resizer_catmull4_y.hlsl" />
    <FxCompile Include="resizer_mitchell4_x.hlsl" />
    <FxCompile Include="resizer_mitchell4_y.hlsl" />
    <FxCompile Include="resizer_lanczos2_x.hlsl" />
    <FxCompile Include="resizer_lanczos2_y.hlsl" />
    <FxCompile Include="resizer_lanczos3_x.hlsl" />
    <FxCompile Include="resizer_lanczos3_y.hlsl" />
    <FxCompile Include="resizer_downscaling_x.hlsl" />
    <FxCompile Include="resizer_downscaling_y.hlsl" />
    <FxCompile Include="resizer_bicubic06_x.hlsl" />
    <FxCompile Include="resizer_bicubic06_y.hlsl" />
    <FxCompile Include="resizer_bicubic08_x.hlsl" />
    <FxCompile Include="resizer_bicubic08_y.hlsl" />
    <FxCompile Include="resizer_bicubic10_x.hlsl" />
    <FxCompile Include="resizer_bicubic10_y.hlsl" />
  </ItemGroup>
  <ItemGroup>
    <None Include="resizer_bicubic_base.hlsl" />
    <None Include="resizer_bicubic_base_x.hlsl" />
    <None Include="resizer_bicubic_base_y.hlsl" />
    <None Include="resizer_bilinear.hlsl" />
    <None Include="resizer_nearest.hlsl" />
  </ItemGroup>
</Project>