<?xml version="1.0" encoding="utf-8"?>
<Project ToolsVersion="4.0" xmlns="http://schemas.microsoft.com/developer/msbuild/2003">
  <ItemGroup>
    <Filter Include="Header Files">
      <UniqueIdentifier>{baff0326-7ce4-4a76-af73-fdca585477e8}</UniqueIdentifier>
    </Filter>
    <Filter Include="Source Files">
      <UniqueIdentifier>{b2893af2-4047-4ce5-80aa-39ae4026fcb8}</UniqueIdentifier>
    </Filter>
  </ItemGroup>
  <ItemGroup>
    <ClInclude Include="bs2b.h">
      <Filter>Header Files</Filter>
    </ClInclude>
    <ClInclude Include="bs2bclass.h">
      <Filter>Header Files</Filter>
    </ClInclude>
    <ClInclude Include="bs2btypes.h">
      <Filter>Header Files</Filter>
    </ClInclude>
    <ClInclude Include="bs2bversion.h">
      <Filter>Header Files</Filter>
    </ClInclude>
  </ItemGroup>
  <ItemGroup>
    <ClCompile Include="bs2b.c">
      <Filter>Source Files</Filter>
    </ClCompile>
    <ClCompile Include="bs2bclass.cpp">
      <Filter>Source Files</Filter>
    </ClCompile>
  </ItemGroup>
</Project>