<?xml version="1.0" encoding="utf-8"?>
<Project ToolsVersion="14.0" xmlns="http://schemas.microsoft.com/developer/msbuild/2003">
  <ItemGroup>
    <Filter Include="Header Files">
      <UniqueIdentifier>{93995380-89BD-4b04-88EB-625FBE52EBFB}</UniqueIdentifier>
      <Extensions>h;hpp;hxx;hm;inl;inc;xsd</Extensions>
    </Filter>
    <Filter Include="Public Header Files">
      <UniqueIdentifier>{a378197c-5696-4fb5-b4db-e9f42e1c88b2}</UniqueIdentifier>
    </Filter>
    <Filter Include="Source Files">
      <UniqueIdentifier>{4FC737F1-C7A5-4376-A066-2A32D752A2FF}</UniqueIdentifier>
      <Extensions>cpp;c;cc;cxx;def;odl;idl;hpj;bat;asm;asmx</Extensions>
    </Filter>
    <Filter Include="share">
      <UniqueIdentifier>{1183cb72-cbc8-4014-80cb-5420492c331b}</UniqueIdentifier>
    </Filter>
  </ItemGroup>
  <ItemGroup>
    <ClInclude Include="src\libflac\include\protected\all.h">
      <Filter>Header Files</Filter>
    </ClInclude>
    <ClInclude Include="src\libflac\include\private\all.h">
      <Filter>Header Files</Filter>
    </ClInclude>
    <ClInclude Include="src\libflac\include\private\bitmath.h">
      <Filter>Header Files</Filter>
    </ClInclude>
    <ClInclude Include="src\libflac\include\private\bitreader.h">
      <Filter>Header Files</Filter>
    </ClInclude>
    <ClInclude Include="src\libflac\include\private\bitwriter.h">
      <Filter>Header Files</Filter>
    </ClInclude>
    <ClInclude Include="src\libflac\include\private\cpu.h">
      <Filter>Header Files</Filter>
    </ClInclude>
    <ClInclude Include="src\libflac\include\private\crc.h">
      <Filter>Header Files</Filter>
    </ClInclude>
    <ClInclude Include="src\libflac\include\private\fixed.h">
      <Filter>Header Files</Filter>
    </ClInclude>
    <ClInclude Include="src\libflac\include\private\float.h">
      <Filter>Header Files</Filter>
    </ClInclude>
    <ClInclude Include="src\libflac\include\private\format.h">
      <Filter>Header Files</Filter>
    </ClInclude>
    <ClInclude Include="src\libflac\include\private\lpc.h">
      <Filter>Header Files</Filter>
    </ClInclude>
    <ClInclude Include="src\libflac\include\private\md5.h">
      <Filter>Header Files</Filter>
    </ClInclude>
    <ClInclude Include="src\libflac\include\private\memory.h">
      <Filter>Header Files</Filter>
    </ClInclude>
    <ClInclude Include="src\libflac\include\private\metadata.h">
      <Filter>Header Files</Filter>
    </ClInclude>
    <ClInclude Include="src\libflac\include\protected\stream_decoder.h">
      <Filter>Header Files</Filter>
    </ClInclude>
    <ClInclude Include="src\libflac\include\protected\stream_encoder.h">
      <Filter>Header Files</Filter>
    </ClInclude>
    <ClInclude Include="src\libflac\include\private\stream_encoder.h">
      <Filter>Header Files</Filter>
    </ClInclude>
    <ClInclude Include="src\libflac\include\private\stream_encoder_framing.h">
      <Filter>Header Files</Filter>
    </ClInclude>
    <ClInclude Include="src\libflac\include\private\window.h">
      <Filter>Header Files</Filter>
    </ClInclude>
    <ClInclude Include="include\FLAC\all.h">
      <Filter>Public Header Files</Filter>
    </ClInclude>
    <ClInclude Include="include\FLAC\assert.h">
      <Filter>Public Header Files</Filter>
    </ClInclude>
    <ClInclude Include="include\FLAC\callback.h">
      <Filter>Public Header Files</Filter>
    </ClInclude>
    <ClInclude Include="include\FLAC\export.h">
      <Filter>Public Header Files</Filter>
    </ClInclude>
    <ClInclude Include="include\FLAC\format.h">
      <Filter>Public Header Files</Filter>
    </ClInclude>
    <ClInclude Include="include\FLAC\metadata.h">
      <Filter>Public Header Files</Filter>
    </ClInclude>
    <ClInclude Include="include\FLAC\ordinals.h">
      <Filter>Public Header Files</Filter>
    </ClInclude>
    <ClInclude Include="include\FLAC\stream_decoder.h">
      <Filter>Public Header Files</Filter>
    </ClInclude>
    <ClInclude Include="include\FLAC\stream_encoder.h">
      <Filter>Public Header Files</Filter>
    </ClInclude>
    <ClInclude Include="include\share\alloc.h">
      <Filter>Public Header Files</Filter>
    </ClInclude>
    <ClInclude Include="include\share\compat.h">
      <Filter>Public Header Files</Filter>
    </ClInclude>
    <ClInclude Include="include\share\endswap.h">
      <Filter>Public Header Files</Filter>
    </ClInclude>
    <ClInclude Include="include\share\macros.h">
      <Filter>Public Header Files</Filter>
    </ClInclude>
    <ClInclude Include="include\share\private.h">
      <Filter>Public Header Files</Filter>
    </ClInclude>
    <ClInclude Include="include\share\safe_str.h">
      <Filter>Public Header Files</Filter>
    </ClInclude>
    <ClInclude Include="include\config.h">
      <Filter>Public Header Files</Filter>
    </ClInclude>
  </ItemGroup>
  <ItemGroup>
    <ClCompile Include="src\libflac\bitmath.c">
      <Filter>Source Files</Filter>
    </ClCompile>
    <ClCompile Include="src\libflac\bitreader.c">
      <Filter>Source Files</Filter>
    </ClCompile>
    <ClCompile Include="src\libflac\bitwriter.c">
      <Filter>Source Files</Filter>
    </ClCompile>
    <ClCompile Include="src\libflac\cpu.c">
      <Filter>Source Files</Filter>
    </ClCompile>
    <ClCompile Include="src\libflac\crc.c">
      <Filter>Source Files</Filter>
    </ClCompile>
    <ClCompile Include="src\libflac\fixed.c">
      <Filter>Source Files</Filter>
    </ClCompile>
    <ClCompile Include="src\libflac\fixed_intrin_sse2.c">
      <Filter>Source Files</Filter>
    </ClCompile>
    <ClCompile Include="src\libflac\fixed_intrin_ssse3.c">
      <Filter>Source Files</Filter>
    </ClCompile>
    <ClCompile Include="src\libflac\float.c">
      <Filter>Source Files</Filter>
    </ClCompile>
    <ClCompile Include="src\libflac\format.c">
      <Filter>Source Files</Filter>
    </ClCompile>
    <ClCompile Include="src\libflac\lpc.c">
      <Filter>Source Files</Filter>
    </ClCompile>
    <ClCompile Include="src\libflac\lpc_intrin_sse2.c">
      <Filter>Source Files</Filter>
    </ClCompile>
    <ClCompile Include="src\libflac\lpc_intrin_sse41.c">
      <Filter>Source Files</Filter>
    </ClCompile>
    <ClCompile Include="src\libflac\lpc_intrin_avx2.c">
      <Filter>Source Files</Filter>
    </ClCompile>
    <ClCompile Include="src\libflac\md5.c">
      <Filter>Source Files</Filter>
    </ClCompile>
    <ClCompile Include="src\libflac\memory.c">
      <Filter>Source Files</Filter>
    </ClCompile>
    <ClCompile Include="src\libflac\metadata_iterators.c">
      <Filter>Source Files</Filter>
    </ClCompile>
    <ClCompile Include="src\libflac\metadata_object.c">
      <Filter>Source Files</Filter>
    </ClCompile>
    <ClCompile Include="src\libflac\stream_decoder.c">
      <Filter>Source Files</Filter>
    </ClCompile>
    <ClCompile Include="src\libflac\stream_encoder.c">
      <Filter>Source Files</Filter>
    </ClCompile>
    <ClCompile Include="src\libflac\stream_encoder_framing.c">
      <Filter>Source Files</Filter>
    </ClCompile>
    <ClCompile Include="src\libflac\stream_encoder_intrin_sse2.c">
      <Filter>Source Files</Filter>
    </ClCompile>
    <ClCompile Include="src\libflac\stream_encoder_intrin_ssse3.c">
      <Filter>Source Files</Filter>
    </ClCompile>
    <ClCompile Include="src\libflac\stream_encoder_intrin_avx2.c">
      <Filter>Source Files</Filter>
    </ClCompile>
    <ClCompile Include="src\libflac\window.c">
      <Filter>Source Files</Filter>
    </ClCompile>
    <ClCompile Include="src\share\win_utf8_io\win_utf8_io.c">
      <Filter>share</Filter>
    </ClCompile>
  </ItemGroup>
</Project>