<?xml version="1.0" encoding="utf-8"?>
<Project ToolsVersion="14.0" xmlns="http://schemas.microsoft.com/developer/msbuild/2003">
  <ItemGroup>
    <Filter Include="Source Files">
      <UniqueIdentifier>{83fa794a-e93b-4f78-92a0-3af952b1b16c}</UniqueIdentifier>
      <Extensions>cpp;c;cxx;def;odl;idl;hpj;bat;asm</Extensions>
    </Filter>
    <Filter Include="Header Files">
      <UniqueIdentifier>{ff3aa9c3-cd89-4cdd-a526-fb6c03d372b7}</UniqueIdentifier>
      <Extensions>h;hpp;hxx;hm;inl;inc</Extensions>
    </Filter>
    <Filter Include="Resource Files">
      <UniqueIdentifier>{ce0a230d-519f-43e0-bb7d-cd56d97cc3de}</UniqueIdentifier>
      <Extensions>rc;ico;cur;bmp;dlg;rc2;rct;bin;rgs;gif;jpg;jpeg;jpe</Extensions>
    </Filter>
  </ItemGroup>
  <ItemGroup>
    <ClCompile Include="AudioSplitter.cpp">
      <Filter>Source Files</Filter>
    </ClCompile>
    <ClCompile Include="stdafx.cpp">
      <Filter>Source Files</Filter>
    </ClCompile>
    <ClCompile Include="AudioFile.cpp">
      <Filter>Source Files</Filter>
    </ClCompile>
    <ClCompile Include="APEFile.cpp">
      <Filter>Source Files</Filter>
    </ClCompile>
    <ClCompile Include="TAKFile.cpp">
      <Filter>Source Files</Filter>
    </ClCompile>
    <ClCompile Include="TTAFile.cpp">
      <Filter>Source Files</Filter>
    </ClCompile>
    <ClCompile Include="Wave64File.cpp">
      <Filter>Source Files</Filter>
    </ClCompile>
    <ClCompile Include="WAVFile.cpp">
      <Filter>Source Files</Filter>
    </ClCompile>
    <ClCompile Include="WavPackFile.cpp">
      <Filter>Source Files</Filter>
    </ClCompile>
    <ClCompile Include="AMRFile.cpp">
      <Filter>Source Files</Filter>
    </ClCompile>
    <ClCompile Include="DFFFile.cpp">
      <Filter>Source Files</Filter>
    </ClCompile>
    <ClCompile Include="DSFFile.cpp">
      <Filter>Source Files</Filter>
    </ClCompile>
    <ClCompile Include="DTSHDFile.cpp">
      <Filter>Source Files</Filter>
    </ClCompile>
  </ItemGroup>
  <ItemGroup>
    <None Include="AudioSplitter.def">
      <Filter>Source Files</Filter>
    </None>
  </ItemGroup>
  <ItemGroup>
    <ClInclude Include="AudioSplitter.h">
      <Filter>Header Files</Filter>
    </ClInclude>
    <ClInclude Include="resource.h">
      <Filter>Header Files</Filter>
    </ClInclude>
    <ClInclude Include="stdafx.h">
      <Filter>Header Files</Filter>
    </ClInclude>
    <ClInclude Include="AudioFile.h">
      <Filter>Header Files</Filter>
    </ClInclude>
    <ClInclude Include="APEFile.h">
      <Filter>Header Files</Filter>
    </ClInclude>
    <ClInclude Include="TAKFile.h">
      <Filter>Header Files</Filter>
    </ClInclude>
    <ClInclude Include="TTAFile.h">
      <Filter>Header Files</Filter>
    </ClInclude>
    <ClInclude Include="Wave64File.h">
      <Filter>Header Files</Filter>
    </ClInclude>
    <ClInclude Include="WAVFile.h">
      <Filter>Header Files</Filter>
    </ClInclude>
    <ClInclude Include="WavPackFile.h">
      <Filter>Header Files</Filter>
    </ClInclude>
    <ClInclude Include="AMRFile.h">
      <Filter>Header Files</Filter>
    </ClInclude>
    <ClInclude Include="DFFFile.h">
      <Filter>Header Files</Filter>
    </ClInclude>
    <ClInclude Include="DSFFile.h">
      <Filter>Header Files</Filter>
    </ClInclude>
    <ClInclude Include="DTSHDFile.h">
      <Filter>Header Files</Filter>
    </ClInclude>
  </ItemGroup>
  <ItemGroup>
    <ResourceCompile Include="AudioSplitter.rc">
      <Filter>Resource Files</Filter>
    </ResourceCompile>
  </ItemGroup>
</Project>