<?xml version="1.0" encoding="utf-8"?>
<Project ToolsVersion="14.0" xmlns="http://schemas.microsoft.com/developer/msbuild/2003">
  <ItemGroup>
    <Filter Include="Source Files">
      <UniqueIdentifier>{5c673951-5083-408a-a3de-a63babf1344b}</UniqueIdentifier>
      <Extensions>cpp;c;cxx;rc;def;r;odl;idl;hpj;bat</Extensions>
    </Filter>
    <Filter Include="Header Files">
      <UniqueIdentifier>{75631612-a2f0-4a60-80e8-cd36f92f4a73}</UniqueIdentifier>
      <Extensions>h;hpp;hxx;hm;inl</Extensions>
    </Filter>
    <Filter Include="Assembly Files %28AMD64%29">
      <UniqueIdentifier>{710e4e94-dd20-48a6-8e4d-8c9b28bb7584}</UniqueIdentifier>
    </Filter>
    <Filter Include="Precompiled Header Support">
      <UniqueIdentifier>{811fdd7e-ea30-44c3-8790-87fb8cd7109f}</UniqueIdentifier>
    </Filter>
  </ItemGroup>
  <ItemGroup>
    <ClCompile Include="source\int128.cpp">
      <Filter>Source Files</Filter>
    </ClCompile>
    <ClCompile Include="source\math.cpp">
      <Filter>Source Files</Filter>
    </ClCompile>
    <ClCompile Include="source\stdafx.cpp">
      <Filter>Precompiled Header Support</Filter>
    </ClCompile>
  </ItemGroup>
  <ItemGroup>
    <ClInclude Include="..\h\vd2\system\int128.h">
      <Filter>Header Files</Filter>
    </ClInclude>
    <ClInclude Include="..\h\vd2\system\math.h">
      <Filter>Header Files</Filter>
    </ClInclude>
    <ClInclude Include="..\h\vd2\system\vdtypes.h">
      <Filter>Header Files</Filter>
    </ClInclude>
    <ClInclude Include="h\stdafx.h">
      <Filter>Precompiled Header Support</Filter>
    </ClInclude>
  </ItemGroup>
  <ItemGroup>
    <YASM Include="source\a64_fraction.asm">
      <Filter>Assembly Files %28AMD64%29</Filter>
    </YASM>
    <YASM Include="source\a64_int128.asm">
      <Filter>Assembly Files %28AMD64%29</Filter>
    </YASM>
  </ItemGroup>
</Project>