<?xml version="1.0" encoding="utf-8"?>
<Project ToolsVersion="4.0" xmlns="http://schemas.microsoft.com/developer/msbuild/2003">
  <ItemGroup>
    <Filter Include="Source Files">
      <UniqueIdentifier>{6a5c64cd-ed48-4734-a01c-aabcc2e0707a}</UniqueIdentifier>
    </Filter>
    <Filter Include="Header Files">
      <UniqueIdentifier>{eadc2cb9-5111-417a-8e53-8b4422f7f301}</UniqueIdentifier>
    </Filter>
  </ItemGroup>
  <ItemGroup>
    <ClInclude Include="include\mfxadapter.h">
      <Filter>Header Files</Filter>
    </ClInclude>
    <ClInclude Include="include\mfxastructures.h">
      <Filter>Header Files</Filter>
    </ClInclude>
    <ClInclude Include="include\mfxaudio.h">
      <Filter>Header Files</Filter>
    </ClInclude>
    <ClInclude Include="include\mfxaudio++.h">
      <Filter>Header Files</Filter>
    </ClInclude>
    <ClInclude Include="include\mfxbrc.h">
      <Filter>Header Files</Filter>
    </ClInclude>
    <ClInclude Include="include\mfxcamera.h">
      <Filter>Header Files</Filter>
    </ClInclude>
    <ClInclude Include="include\mfxcommon.h">
      <Filter>Header Files</Filter>
    </ClInclude>
    <ClInclude Include="include\mfxdefs.h">
      <Filter>Header Files</Filter>
    </ClInclude>
    <ClInclude Include="include\mfxdispatcherprefixedfunctions.h">
      <Filter>Header Files</Filter>
    </ClInclude>
    <ClInclude Include="include\mfxenc.h">
      <Filter>Header Files</Filter>
    </ClInclude>
    <ClInclude Include="include\mfxfei.h">
      <Filter>Header Files</Filter>
    </ClInclude>
    <ClInclude Include="include\mfxfeihevc.h">
      <Filter>Header Files</Filter>
    </ClInclude>
    <ClInclude Include="include\mfxjpeg.h">
      <Filter>Header Files</Filter>
    </ClInclude>
    <ClInclude Include="include\mfxla.h">
      <Filter>Header Files</Filter>
    </ClInclude>
    <ClInclude Include="include\mfxmvc.h">
      <Filter>Header Files</Filter>
    </ClInclude>
    <ClInclude Include="include\mfxpak.h">
      <Filter>Header Files</Filter>
    </ClInclude>
    <ClInclude Include="include\mfxpcp.h">
      <Filter>Header Files</Filter>
    </ClInclude>
    <ClInclude Include="include\mfxplugin.h">
      <Filter>Header Files</Filter>
    </ClInclude>
    <ClInclude Include="include\mfxplugin++.h">
      <Filter>Header Files</Filter>
    </ClInclude>
    <ClInclude Include="include\mfxsc.h">
      <Filter>Header Files</Filter>
    </ClInclude>
    <ClInclude Include="include\mfxscd.h">
      <Filter>Header Files</Filter>
    </ClInclude>
    <ClInclude Include="include\mfxsession.h">
      <Filter>Header Files</Filter>
    </ClInclude>
    <ClInclude Include="include\mfxstructures.h">
      <Filter>Header Files</Filter>
    </ClInclude>
    <ClInclude Include="include\mfxvideo.h">
      <Filter>Header Files</Filter>
    </ClInclude>
    <ClInclude Include="include\mfxvideo++.h">
      <Filter>Header Files</Filter>
    </ClInclude>
    <ClInclude Include="include\mfxvp8.h">
      <Filter>Header Files</Filter>
    </ClInclude>
    <ClInclude Include="include\mfxvp9.h">
      <Filter>Header Files</Filter>
    </ClInclude>
    <ClInclude Include="include\mfxvstructures.h">
      <Filter>Header Files</Filter>
    </ClInclude>
    <ClInclude Include="src\mfx_critical_section.h">
      <Filter>Source Files</Filter>
    </ClInclude>
    <ClInclude Include="src\mfx_dispatcher.h">
      <Filter>Source Files</Filter>
    </ClInclude>
    <ClInclude Include="src\mfx_dispatcher_defs.h">
      <Filter>Source Files</Filter>
    </ClInclude>
    <ClInclude Include="src\mfx_dispatcher_log.h">
      <Filter>Source Files</Filter>
    </ClInclude>
    <ClInclude Include="src\mfx_dispatcher_uwp.h">
      <Filter>Source Files</Filter>
    </ClInclude>
    <ClInclude Include="src\mfx_driver_store_loader.h">
      <Filter>Source Files</Filter>
    </ClInclude>
    <ClInclude Include="src\mfx_dxva2_device.h">
      <Filter>Source Files</Filter>
    </ClInclude>
    <ClInclude Include="src\mfx_exposed_functions_list.h">
      <Filter>Source Files</Filter>
    </ClInclude>
    <ClInclude Include="src\mfx_library_iterator.h">
      <Filter>Source Files</Filter>
    </ClInclude>
    <ClInclude Include="src\mfx_load_dll.h">
      <Filter>Source Files</Filter>
    </ClInclude>
    <ClInclude Include="src\mfx_load_plugin.h">
      <Filter>Source Files</Filter>
    </ClInclude>
    <ClInclude Include="src\mfx_plugin_hive.h">
      <Filter>Source Files</Filter>
    </ClInclude>
    <ClInclude Include="src\mfx_vector.h">
      <Filter>Source Files</Filter>
    </ClInclude>
    <ClInclude Include="src\mfx_win_reg_key.h">
      <Filter>Source Files</Filter>
    </ClInclude>
    <ClInclude Include="src\mfxaudio_exposed_functions_list.h">
      <Filter>Source Files</Filter>
    </ClInclude>
  </ItemGroup>
  <ItemGroup>
    <ClCompile Include="src\main.cpp">
      <Filter>Source Files</Filter>
    </ClCompile>
    <ClCompile Include="src\mfx_critical_section.cpp">
      <Filter>Source Files</Filter>
    </ClCompile>
    <ClCompile Include="src\mfx_dispatcher.cpp">
      <Filter>Source Files</Filter>
    </ClCompile>
    <ClCompile Include="src\mfx_dispatcher_log.cpp">
      <Filter>Source Files</Filter>
    </ClCompile>
    <ClCompile Include="src\mfx_driver_store_loader.cpp">
      <Filter>Source Files</Filter>
    </ClCompile>
    <ClCompile Include="src\mfx_dxva2_device.cpp">
      <Filter>Source Files</Filter>
    </ClCompile>
    <ClCompile Include="src\mfx_function_table.cpp">
      <Filter>Source Files</Filter>
    </ClCompile>
    <ClCompile Include="src\mfx_library_iterator.cpp">
      <Filter>Source Files</Filter>
    </ClCompile>
    <ClCompile Include="src\mfx_load_dll.cpp">
      <Filter>Source Files</Filter>
    </ClCompile>
    <ClCompile Include="src\mfx_load_plugin.cpp">
      <Filter>Source Files</Filter>
    </ClCompile>
    <ClCompile Include="src\mfx_plugin_hive.cpp">
      <Filter>Source Files</Filter>
    </ClCompile>
    <ClCompile Include="src\mfx_win_reg_key.cpp">
      <Filter>Source Files</Filter>
    </ClCompile>
  </ItemGroup>
</Project>